// !$*UTF8*$!
{
	archiveVersion = 1;
	classes = {
	};
	objectVersion = 46;
	objects = {

/* Begin PBXBuildFile section */
		6730022F1EA9E0CF008957F1 /* AppDelegate.swift in Sources */ = {isa = PBXBuildFile; fileRef = 6730022E1EA9E0CF008957F1 /* AppDelegate.swift */; };
		673002311EA9E0CF008957F1 /* ViewController.swift in Sources */ = {isa = PBXBuildFile; fileRef = 673002301EA9E0CF008957F1 /* ViewController.swift */; };
		673002341EA9E0CF008957F1 /* Main.storyboard in Resources */ = {isa = PBXBuildFile; fileRef = 673002321EA9E0CF008957F1 /* Main.storyboard */; };
		673002361EA9E0CF008957F1 /* Assets.xcassets in Resources */ = {isa = PBXBuildFile; fileRef = 673002351EA9E0CF008957F1 /* Assets.xcassets */; };
		673002391EA9E0CF008957F1 /* LaunchScreen.storyboard in Resources */ = {isa = PBXBuildFile; fileRef = 673002371EA9E0CF008957F1 /* LaunchScreen.storyboard */; };
		673002441EA9E0CF008957F1 /* grabrowserTests.swift in Sources */ = {isa = PBXBuildFile; fileRef = 673002431EA9E0CF008957F1 /* grabrowserTests.swift */; };
		6730024F1EA9E0CF008957F1 /* grabrowserUITests.swift in Sources */ = {isa = PBXBuildFile; fileRef = 6730024E1EA9E0CF008957F1 /* grabrowserUITests.swift */; };
/* End PBXBuildFile section */

/* Begin PBXContainerItemProxy section */
		673002401EA9E0CF008957F1 /* PBXContainerItemProxy */ = {
			isa = PBXContainerItemProxy;
			containerPortal = 673002231EA9E0CF008957F1 /* Project object */;
			proxyType = 1;
			remoteGlobalIDString = 6730022A1EA9E0CF008957F1;
			remoteInfo = grabrowser;
		};
		6730024B1EA9E0CF008957F1 /* PBXContainerItemProxy */ = {
			isa = PBXContainerItemProxy;
			containerPortal = 673002231EA9E0CF008957F1 /* Project object */;
			proxyType = 1;
			remoteGlobalIDString = 6730022A1EA9E0CF008957F1;
			remoteInfo = grabrowser;
		};
/* End PBXContainerItemProxy section */

/* Begin PBXFileReference section */
		6730022B1EA9E0CF008957F1 /* grabrowser.app */ = {isa = PBXFileReference; explicitFileType = wrapper.application; includeInIndex = 0; path = grabrowser.app; sourceTree = BUILT_PRODUCTS_DIR; };
		6730022E1EA9E0CF008957F1 /* AppDelegate.swift */ = {isa = PBXFileReference; lastKnownFileType = sourcecode.swift; path = AppDelegate.swift; sourceTree = "<group>"; };
		673002301EA9E0CF008957F1 /* ViewController.swift */ = {isa = PBXFileReference; lastKnownFileType = sourcecode.swift; path = ViewController.swift; sourceTree = "<group>"; };
		673002331EA9E0CF008957F1 /* Base */ = {isa = PBXFileReference; lastKnownFileType = file.storyboard; name = Base; path = Base.lproj/Main.storyboard; sourceTree = "<group>"; };
		673002351EA9E0CF008957F1 /* Assets.xcassets */ = {isa = PBXFileReference; lastKnownFileType = folder.assetcatalog; path = Assets.xcassets; sourceTree = "<group>"; };
		673002381EA9E0CF008957F1 /* Base */ = {isa = PBXFileReference; lastKnownFileType = file.storyboard; name = Base; path = Base.lproj/LaunchScreen.storyboard; sourceTree = "<group>"; };
		6730023A1EA9E0CF008957F1 /* Info.plist */ = {isa = PBXFileReference; lastKnownFileType = text.plist.xml; path = Info.plist; sourceTree = "<group>"; };
		6730023F1EA9E0CF008957F1 /* grabrowserTests.xctest */ = {isa = PBXFileReference; explicitFileType = wrapper.cfbundle; includeInIndex = 0; path = grabrowserTests.xctest; sourceTree = BUILT_PRODUCTS_DIR; };
		673002431EA9E0CF008957F1 /* grabrowserTests.swift */ = {isa = PBXFileReference; lastKnownFileType = sourcecode.swift; path = grabrowserTests.swift; sourceTree = "<group>"; };
		673002451EA9E0CF008957F1 /* Info.plist */ = {isa = PBXFileReference; lastKnownFileType = text.plist.xml; path = Info.plist; sourceTree = "<group>"; };
		6730024A1EA9E0CF008957F1 /* grabrowserUITests.xctest */ = {isa = PBXFileReference; explicitFileType = wrapper.cfbundle; includeInIndex = 0; path = grabrowserUITests.xctest; sourceTree = BUILT_PRODUCTS_DIR; };
		6730024E1EA9E0CF008957F1 /* grabrowserUITests.swift */ = {isa = PBXFileReference; lastKnownFileType = sourcecode.swift; path = grabrowserUITests.swift; sourceTree = "<group>"; };
		673002501EA9E0CF008957F1 /* Info.plist */ = {isa = PBXFileReference; lastKnownFileType = text.plist.xml; path = Info.plist; sourceTree = "<group>"; };
/* End PBXFileReference section */

/* Begin PBXFrameworksBuildPhase section */
		673002281EA9E0CF008957F1 /* Frameworks */ = {
			isa = PBXFrameworksBuildPhase;
			buildActionMask = 2147483647;
			files = (
			);
			runOnlyForDeploymentPostprocessing = 0;
		};
		6730023C1EA9E0CF008957F1 /* Frameworks */ = {
			isa = PBXFrameworksBuildPhase;
			buildActionMask = 2147483647;
			files = (
			);
			runOnlyForDeploymentPostprocessing = 0;
		};
		673002471EA9E0CF008957F1 /* Frameworks */ = {
			isa = PBXFrameworksBuildPhase;
			buildActionMask = 2147483647;
			files = (
			);
			runOnlyForDeploymentPostprocessing = 0;
		};
/* End PBXFrameworksBuildPhase section */

/* Begin PBXGroup section */
		673002221EA9E0CF008957F1 = {
			isa = PBXGroup;
			children = (
				6730022D1EA9E0CF008957F1 /* grabrowser */,
				673002421EA9E0CF008957F1 /* grabrowserTests */,
				6730024D1EA9E0CF008957F1 /* grabrowserUITests */,
				6730022C1EA9E0CF008957F1 /* Products */,
			);
			sourceTree = "<group>";
		};
		6730022C1EA9E0CF008957F1 /* Products */ = {
			isa = PBXGroup;
			children = (
				6730022B1EA9E0CF008957F1 /* grabrowser.app */,
				6730023F1EA9E0CF008957F1 /* grabrowserTests.xctest */,
				6730024A1EA9E0CF008957F1 /* grabrowserUITests.xctest */,
			);
			name = Products;
			sourceTree = "<group>";
		};
		6730022D1EA9E0CF008957F1 /* grabrowser */ = {
			isa = PBXGroup;
			children = (
				6730022E1EA9E0CF008957F1 /* AppDelegate.swift */,
				673002301EA9E0CF008957F1 /* ViewController.swift */,
				673002321EA9E0CF008957F1 /* Main.storyboard */,
				673002351EA9E0CF008957F1 /* Assets.xcassets */,
				673002371EA9E0CF008957F1 /* LaunchScreen.storyboard */,
				6730023A1EA9E0CF008957F1 /* Info.plist */,
			);
			path = grabrowser;
			sourceTree = "<group>";
		};
		673002421EA9E0CF008957F1 /* grabrowserTests */ = {
			isa = PBXGroup;
			children = (
				673002431EA9E0CF008957F1 /* grabrowserTests.swift */,
				673002451EA9E0CF008957F1 /* Info.plist */,
			);
			path = grabrowserTests;
			sourceTree = "<group>";
		};
		6730024D1EA9E0CF008957F1 /* grabrowserUITests */ = {
			isa = PBXGroup;
			children = (
				6730024E1EA9E0CF008957F1 /* grabrowserUITests.swift */,
				673002501EA9E0CF008957F1 /* Info.plist */,
			);
			path = grabrowserUITests;
			sourceTree = "<group>";
		};
/* End PBXGroup section */

/* Begin PBXNativeTarget section */
		6730022A1EA9E0CF008957F1 /* grabrowser */ = {
			isa = PBXNativeTarget;
			buildConfigurationList = 673002531EA9E0CF008957F1 /* Build configuration list for PBXNativeTarget "grabrowser" */;
			buildPhases = (
				673002271EA9E0CF008957F1 /* Sources */,
				673002281EA9E0CF008957F1 /* Frameworks */,
				673002291EA9E0CF008957F1 /* Resources */,
			);
			buildRules = (
			);
			dependencies = (
			);
			name = grabrowser;
			productName = grabrowser;
			productReference = 6730022B1EA9E0CF008957F1 /* grabrowser.app */;
			productType = "com.apple.product-type.application";
		};
		6730023E1EA9E0CF008957F1 /* grabrowserTests */ = {
			isa = PBXNativeTarget;
			buildConfigurationList = 673002561EA9E0CF008957F1 /* Build configuration list for PBXNativeTarget "grabrowserTests" */;
			buildPhases = (
				6730023B1EA9E0CF008957F1 /* Sources */,
				6730023C1EA9E0CF008957F1 /* Frameworks */,
				6730023D1EA9E0CF008957F1 /* Resources */,
			);
			buildRules = (
			);
			dependencies = (
				673002411EA9E0CF008957F1 /* PBXTargetDependency */,
			);
			name = grabrowserTests;
			productName = grabrowserTests;
			productReference = 6730023F1EA9E0CF008957F1 /* grabrowserTests.xctest */;
			productType = "com.apple.product-type.bundle.unit-test";
		};
		673002491EA9E0CF008957F1 /* grabrowserUITests */ = {
			isa = PBXNativeTarget;
			buildConfigurationList = 673002591EA9E0CF008957F1 /* Build configuration list for PBXNativeTarget "grabrowserUITests" */;
			buildPhases = (
				673002461EA9E0CF008957F1 /* Sources */,
				673002471EA9E0CF008957F1 /* Frameworks */,
				673002481EA9E0CF008957F1 /* Resources */,
			);
			buildRules = (
			);
			dependencies = (
				6730024C1EA9E0CF008957F1 /* PBXTargetDependency */,
			);
			name = grabrowserUITests;
			productName = grabrowserUITests;
			productReference = 6730024A1EA9E0CF008957F1 /* grabrowserUITests.xctest */;
			productType = "com.apple.product-type.bundle.ui-testing";
		};
/* End PBXNativeTarget section */

/* Begin PBXProject section */
		673002231EA9E0CF008957F1 /* Project object */ = {
			isa = PBXProject;
			attributes = {
				LastSwiftUpdateCheck = 0830;
				LastUpgradeCheck = 0830;
				ORGANIZATIONNAME = suda0803;
				TargetAttributes = {
					6730022A1EA9E0CF008957F1 = {
						CreatedOnToolsVersion = 8.3.1;
						ProvisioningStyle = Automatic;
					};
					6730023E1EA9E0CF008957F1 = {
						CreatedOnToolsVersion = 8.3.1;
						ProvisioningStyle = Automatic;
						TestTargetID = 6730022A1EA9E0CF008957F1;
					};
					673002491EA9E0CF008957F1 = {
						CreatedOnToolsVersion = 8.3.1;
						ProvisioningStyle = Automatic;
						TestTargetID = 6730022A1EA9E0CF008957F1;
					};
				};
			};
			buildConfigurationList = 673002261EA9E0CF008957F1 /* Build configuration list for PBXProject "grabrowser" */;
			compatibilityVersion = "Xcode 3.2";
			developmentRegion = English;
			hasScannedForEncodings = 0;
			knownRegions = (
				en,
				Base,
			);
			mainGroup = 673002221EA9E0CF008957F1;
			productRefGroup = 6730022C1EA9E0CF008957F1 /* Products */;
			projectDirPath = "";
			projectRoot = "";
			targets = (
				6730022A1EA9E0CF008957F1 /* grabrowser */,
				6730023E1EA9E0CF008957F1 /* grabrowserTests */,
				673002491EA9E0CF008957F1 /* grabrowserUITests */,
			);
		};
/* End PBXProject section */

/* Begin PBXResourcesBuildPhase section */
		673002291EA9E0CF008957F1 /* Resources */ = {
			isa = PBXResourcesBuildPhase;
			buildActionMask = 2147483647;
			files = (
				673002391EA9E0CF008957F1 /* LaunchScreen.storyboard in Resources */,
				673002361EA9E0CF008957F1 /* Assets.xcassets in Resources */,
				673002341EA9E0CF008957F1 /* Main.storyboard in Resources */,
			);
			runOnlyForDeploymentPostprocessing = 0;
		};
		6730023D1EA9E0CF008957F1 /* Resources */ = {
			isa = PBXResourcesBuildPhase;
			buildActionMask = 2147483647;
			files = (
			);
			runOnlyForDeploymentPostprocessing = 0;
		};
		673002481EA9E0CF008957F1 /* Resources */ = {
			isa = PBXResourcesBuildPhase;
			buildActionMask = 2147483647;
			files = (
			);
			runOnlyForDeploymentPostprocessing = 0;
		};
/* End PBXResourcesBuildPhase section */

/* Begin PBXSourcesBuildPhase section */
		673002271EA9E0CF008957F1 /* Sources */ = {
			isa = PBXSourcesBuildPhase;
			buildActionMask = 2147483647;
			files = (
				673002311EA9E0CF008957F1 /* ViewController.swift in Sources */,
				6730022F1EA9E0CF008957F1 /* AppDelegate.swift in Sources */,
			);
			runOnlyForDeploymentPostprocessing = 0;
		};
		6730023B1EA9E0CF008957F1 /* Sources */ = {
			isa = PBXSourcesBuildPhase;
			buildActionMask = 2147483647;
			files = (
				673002441EA9E0CF008957F1 /* grabrowserTests.swift in Sources */,
			);
			runOnlyForDeploymentPostprocessing = 0;
		};
		673002461EA9E0CF008957F1 /* Sources */ = {
			isa = PBXSourcesBuildPhase;
			buildActionMask = 2147483647;
			files = (
				6730024F1EA9E0CF008957F1 /* grabrowserUITests.swift in Sources */,
			);
			runOnlyForDeploymentPostprocessing = 0;
		};
/* End PBXSourcesBuildPhase section */

/* Begin PBXTargetDependency section */
		673002411EA9E0CF008957F1 /* PBXTargetDependency */ = {
			isa = PBXTargetDependency;
			target = 6730022A1EA9E0CF008957F1 /* grabrowser */;
			targetProxy = 673002401EA9E0CF008957F1 /* PBXContainerItemProxy */;
		};
		6730024C1EA9E0CF008957F1 /* PBXTargetDependency */ = {
			isa = PBXTargetDependency;
			target = 6730022A1EA9E0CF008957F1 /* grabrowser */;
			targetProxy = 6730024B1EA9E0CF008957F1 /* PBXContainerItemProxy */;
		};
/* End PBXTargetDependency section */

/* Begin PBXVariantGroup section */
		673002321EA9E0CF008957F1 /* Main.storyboard */ = {
			isa = PBXVariantGroup;
			children = (
				673002331EA9E0CF008957F1 /* Base */,
			);
			name = Main.storyboard;
			sourceTree = "<group>";
		};
		673002371EA9E0CF008957F1 /* LaunchScreen.storyboard */ = {
			isa = PBXVariantGroup;
			children = (
				673002381EA9E0CF008957F1 /* Base */,
			);
			name = LaunchScreen.storyboard;
			sourceTree = "<group>";
		};
/* End PBXVariantGroup section */

/* Begin XCBuildConfiguration section */
		673002511EA9E0CF008957F1 /* Debug */ = {
			isa = XCBuildConfiguration;
			buildSettings = {
				ALWAYS_SEARCH_USER_PATHS = NO;
				CLANG_ANALYZER_NONNULL = YES;
				CLANG_ANALYZER_NUMBER_OBJECT_CONVERSION = YES_AGGRESSIVE;
				CLANG_CXX_LANGUAGE_STANDARD = "gnu++0x";
				CLANG_CXX_LIBRARY = "libc++";
				CLANG_ENABLE_MODULES = YES;
				CLANG_ENABLE_OBJC_ARC = YES;
				CLANG_WARN_BOOL_CONVERSION = YES;
				CLANG_WARN_CONSTANT_CONVERSION = YES;
				CLANG_WARN_DIRECT_OBJC_ISA_USAGE = YES_ERROR;
				CLANG_WARN_DOCUMENTATION_COMMENTS = YES;
				CLANG_WARN_EMPTY_BODY = YES;
				CLANG_WARN_ENUM_CONVERSION = YES;
				CLANG_WARN_INFINITE_RECURSION = YES;
				CLANG_WARN_INT_CONVERSION = YES;
				CLANG_WARN_OBJC_ROOT_CLASS = YES_ERROR;
				CLANG_WARN_SUSPICIOUS_MOVE = YES;
				CLANG_WARN_UNREACHABLE_CODE = YES;
				CLANG_WARN__DUPLICATE_METHOD_MATCH = YES;
				"CODE_SIGN_IDENTITY[sdk=iphoneos*]" = "iPhone Developer";
				COPY_PHASE_STRIP = NO;
				DEBUG_INFORMATION_FORMAT = dwarf;
				ENABLE_STRICT_OBJC_MSGSEND = YES;
				ENABLE_TESTABILITY = YES;
				GCC_C_LANGUAGE_STANDARD = gnu99;
				GCC_DYNAMIC_NO_PIC = NO;
				GCC_NO_COMMON_BLOCKS = YES;
				GCC_OPTIMIZATION_LEVEL = 0;
				GCC_PREPROCESSOR_DEFINITIONS = (
					"DEBUG=1",
					"$(inherited)",
				);
				GCC_WARN_64_TO_32_BIT_CONVERSION = YES;
				GCC_WARN_ABOUT_RETURN_TYPE = YES_ERROR;
				GCC_WARN_UNDECLARED_SELECTOR = YES;
				GCC_WARN_UNINITIALIZED_AUTOS = YES_AGGRESSIVE;
				GCC_WARN_UNUSED_FUNCTION = YES;
				GCC_WARN_UNUSED_VARIABLE = YES;
				IPHONEOS_DEPLOYMENT_TARGET = 10.3;
				MTL_ENABLE_DEBUG_INFO = YES;
				ONLY_ACTIVE_ARCH = YES;
				SDKROOT = iphoneos;
				SWIFT_ACTIVE_COMPILATION_CONDITIONS = DEBUG;
				SWIFT_OPTIMIZATION_LEVEL = "-Onone";
				TARGETED_DEVICE_FAMILY = "1,2";
			};
			name = Debug;
		};
		673002521EA9E0CF008957F1 /* Release */ = {
			isa = XCBuildConfiguration;
			buildSettings = {
				ALWAYS_SEARCH_USER_PATHS = NO;
				CLANG_ANALYZER_NONNULL = YES;
				CLANG_ANALYZER_NUMBER_OBJECT_CONVERSION = YES_AGGRESSIVE;
				CLANG_CXX_LANGUAGE_STANDARD = "gnu++0x";
				CLANG_CXX_LIBRARY = "libc++";
				CLANG_ENABLE_MODULES = YES;
				CLANG_ENABLE_OBJC_ARC = YES;
				CLANG_WARN_BOOL_CONVERSION = YES;
				CLANG_WARN_CONSTANT_CONVERSION = YES;
				CLANG_WARN_DIRECT_OBJC_ISA_USAGE = YES_ERROR;
				CLANG_WARN_DOCUMENTATION_COMMENTS = YES;
				CLANG_WARN_EMPTY_BODY = YES;
				CLANG_WARN_ENUM_CONVERSION = YES;
				CLANG_WARN_INFINITE_RECURSION = YES;
				CLANG_WARN_INT_CONVERSION = YES;
				CLANG_WARN_OBJC_ROOT_CLASS = YES_ERROR;
				CLANG_WARN_SUSPICIOUS_MOVE = YES;
				CLANG_WARN_UNREACHABLE_CODE = YES;
				CLANG_WARN__DUPLICATE_METHOD_MATCH = YES;
				"CODE_SIGN_IDENTITY[sdk=iphoneos*]" = "iPhone Developer";
				COPY_PHASE_STRIP = NO;
				DEBUG_INFORMATION_FORMAT = "dwarf-with-dsym";
				ENABLE_NS_ASSERTIONS = NO;
				ENABLE_STRICT_OBJC_MSGSEND = YES;
				GCC_C_LANGUAGE_STANDARD = gnu99;
				GCC_NO_COMMON_BLOCKS = YES;
				GCC_WARN_64_TO_32_BIT_CONVERSION = YES;
				GCC_WARN_ABOUT_RETURN_TYPE = YES_ERROR;
				GCC_WARN_UNDECLARED_SELECTOR = YES;
				GCC_WARN_UNINITIALIZED_AUTOS = YES_AGGRESSIVE;
				GCC_WARN_UNUSED_FUNCTION = YES;
				GCC_WARN_UNUSED_VARIABLE = YES;
				IPHONEOS_DEPLOYMENT_TARGET = 10.3;
				MTL_ENABLE_DEBUG_INFO = NO;
				SDKROOT = iphoneos;
				SWIFT_OPTIMIZATION_LEVEL = "-Owholemodule";
				TARGETED_DEVICE_FAMILY = "1,2";
				VALIDATE_PRODUCT = YES;
			};
			name = Release;
		};
		673002541EA9E0CF008957F1 /* Debug */ = {
			isa = XCBuildConfiguration;
			buildSettings = {
				ASSETCATALOG_COMPILER_APPICON_NAME = AppIcon;
				INFOPLIST_FILE = grabrowser/Info.plist;
				LD_RUNPATH_SEARCH_PATHS = "$(inherited) @executable_path/Frameworks";
				PRODUCT_BUNDLE_IDENTIFIER = jp.suda0803.grabrowser;
				PRODUCT_NAME = "$(TARGET_NAME)";
				SWIFT_VERSION = 3.0;
			};
			name = Debug;
		};
		673002551EA9E0CF008957F1 /* Release */ = {
			isa = XCBuildConfiguration;
			buildSettings = {
				ASSETCATALOG_COMPILER_APPICON_NAME = AppIcon;
				INFOPLIST_FILE = grabrowser/Info.plist;
				LD_RUNPATH_SEARCH_PATHS = "$(inherited) @executable_path/Frameworks";
				PRODUCT_BUNDLE_IDENTIFIER = jp.suda0803.grabrowser;
				PRODUCT_NAME = "$(TARGET_NAME)";
				SWIFT_VERSION = 3.0;
			};
			name = Release;
		};
		673002571EA9E0CF008957F1 /* Debug */ = {
			isa = XCBuildConfiguration;
			buildSettings = {
				ALWAYS_EMBED_SWIFT_STANDARD_LIBRARIES = YES;
				BUNDLE_LOADER = "$(TEST_HOST)";
				INFOPLIST_FILE = grabrowserTests/Info.plist;
				LD_RUNPATH_SEARCH_PATHS = "$(inherited) @executable_path/Frameworks @loader_path/Frameworks";
				PRODUCT_BUNDLE_IDENTIFIER = jp.suda0803.grabrowserTests;
				PRODUCT_NAME = "$(TARGET_NAME)";
				SWIFT_VERSION = 3.0;
				TEST_HOST = "$(BUILT_PRODUCTS_DIR)/grabrowser.app/grabrowser";
			};
			name = Debug;
		};
		673002581EA9E0CF008957F1 /* Release */ = {
			isa = XCBuildConfiguration;
			buildSettings = {
				ALWAYS_EMBED_SWIFT_STANDARD_LIBRARIES = YES;
				BUNDLE_LOADER = "$(TEST_HOST)";
				INFOPLIST_FILE = grabrowserTests/Info.plist;
				LD_RUNPATH_SEARCH_PATHS = "$(inherited) @executable_path/Frameworks @loader_path/Frameworks";
				PRODUCT_BUNDLE_IDENTIFIER = jp.suda0803.grabrowserTests;
				PRODUCT_NAME = "$(TARGET_NAME)";
				SWIFT_VERSION = 3.0;
				TEST_HOST = "$(BUILT_PRODUCTS_DIR)/grabrowser.app/grabrowser";
			};
			name = Release;
		};
		6730025A1EA9E0CF008957F1 /* Debug */ = {
			isa = XCBuildConfiguration;
			buildSettings = {
				ALWAYS_EMBED_SWIFT_STANDARD_LIBRARIES = YES;
				INFOPLIST_FILE = grabrowserUITests/Info.plist;
				LD_RUNPATH_SEARCH_PATHS = "$(inherited) @executable_path/Frameworks @loader_path/Frameworks";
				PRODUCT_BUNDLE_IDENTIFIER = jp.suda0803.grabrowserUITests;
				PRODUCT_NAME = "$(TARGET_NAME)";
				SWIFT_VERSION = 3.0;
				TEST_TARGET_NAME = grabrowser;
			};
			name = Debug;
		};
		6730025B1EA9E0CF008957F1 /* Release */ = {
			isa = XCBuildConfiguration;
			buildSettings = {
				ALWAYS_EMBED_SWIFT_STANDARD_LIBRARIES = YES;
				INFOPLIST_FILE = grabrowserUITests/Info.plist;
				LD_RUNPATH_SEARCH_PATHS = "$(inherited) @executable_path/Frameworks @loader_path/Frameworks";
				PRODUCT_BUNDLE_IDENTIFIER = jp.suda0803.grabrowserUITests;
				PRODUCT_NAME = "$(TARGET_NAME)";
				SWIFT_VERSION = 3.0;
				TEST_TARGET_NAME = grabrowser;
			};
			name = Release;
		};
/* End XCBuildConfiguration section */

/* Begin XCConfigurationList section */
		673002261EA9E0CF008957F1 /* Build configuration list for PBXProject "grabrowser" */ = {
			isa = XCConfigurationList;
			buildConfigurations = (
				673002511EA9E0CF008957F1 /* Debug */,
				673002521EA9E0CF008957F1 /* Release */,
			);
			defaultConfigurationIsVisible = 0;
			defaultConfigurationName = Release;
		};
		673002531EA9E0CF008957F1 /* Build configuration list for PBXNativeTarget "grabrowser" */ = {
			isa = XCConfigurationList;
			buildConfigurations = (
				673002541EA9E0CF008957F1 /* Debug */,
				673002551EA9E0CF008957F1 /* Release */,
			);
			defaultConfigurationIsVisible = 0;
		};
		673002561EA9E0CF008957F1 /* Build configuration list for PBXNativeTarget "grabrowserTests" */ = {
			isa = XCConfigurationList;
			buildConfigurations = (
				673002571EA9E0CF008957F1 /* Debug */,
				673002581EA9E0CF008957F1 /* Release */,
			);
			defaultConfigurationIsVisible = 0;
		};
		673002591EA9E0CF008957F1 /* Build configuration list for PBXNativeTarget "grabrowserUITests" */ = {
			isa = XCConfigurationList;
			buildConfigurations = (
				6730025A1EA9E0CF008957F1 /* Debug */,
				6730025B1EA9E0CF008957F1 /* Release */,
			);
			defaultConfigurationIsVisible = 0;
		};
/* End XCConfigurationList section */
	};
	rootObject = 673002231EA9E0CF008957F1 /* Project object */;
}
